
Microsoft Visual Studio Solution File, Format Version 12.00
# Visual Studio Version 17
VisualStudioVersion = 17.14.36109.1 d17.14
MinimumVisualStudioVersion = 10.0.40219.1
Project("{FAE04EC0-301F-11D3-BF4B-00C04F79EFBC}") = "BIZ", "BIZ\BIZ.csproj", "{BCC8F35E-97FB-4CB9-9197-ED4366693136}"
EndProject
Project("{FAE04EC0-301F-11D3-BF4B-00C04F79EFBC}") = "COMMON", "COMMON\COMMON.csproj", "{10D5D580-7980-4EE7-AAC8-4D4E054107A5}"
EndProject
Project("{FAE04EC0-301F-11D3-BF4B-00C04F79EFBC}") = "DAL", "DAL\DAL.csproj", "{A934F34D-FE1E-4B15-A757-0FBE0FF03171}"
EndProject
Project("{FAE04EC0-301F-11D3-BF4B-00C04F79EFBC}") = "WebComerzo", "WebComerzo\WebComerzo.csproj", "{2E5FC8BA-3F84-47F7-9BEC-EFA19CF391E4}"
EndProject
Project("{FAE04EC0-301F-11D3-BF4B-00C04F79EFBC}") = "WebAPI", "WebAPI\WebAPI.csproj", "{6FF9B5F9-AC30-4D89-8FA9-6CA092C9952E}"
EndProject
Global
	GlobalSection(SolutionConfigurationPlatforms) = preSolution
		Debug|Any CPU = Debug|Any CPU
		Release|Any CPU = Release|Any CPU
	EndGlobalSection
	GlobalSection(ProjectConfigurationPlatforms) = postSolution
		{BCC8F35E-97FB-4CB9-9197-ED4366693136}.Debug|Any CPU.ActiveCfg = Debug|Any CPU
		{BCC8F35E-97FB-4CB9-9197-ED4366693136}.Debug|Any CPU.Build.0 = Debug|Any CPU
		{BCC8F35E-97FB-4CB9-9197-ED4366693136}.Release|Any CPU.ActiveCfg = Release|Any CPU
		{BCC8F35E-97FB-4CB9-9197-ED4366693136}.Release|Any CPU.Build.0 = Release|Any CPU
		{10D5D580-7980-4EE7-AAC8-4D4E054107A5}.Debug|Any CPU.ActiveCfg = Debug|Any CPU
		{10D5D580-7980-4EE7-AAC8-4D4E054107A5}.Debug|Any CPU.Build.0 = Debug|Any CPU
		{10D5D580-7980-4EE7-AAC8-4D4E054107A5}.Release|Any CPU.ActiveCfg = Release|Any CPU
		{10D5D580-7980-4EE7-AAC8-4D4E054107A5}.Release|Any CPU.Build.0 = Release|Any CPU
		{A934F34D-FE1E-4B15-A757-0FBE0FF03171}.Debug|Any CPU.ActiveCfg = Debug|Any CPU
		{A934F34D-FE1E-4B15-A757-0FBE0FF03171}.Debug|Any CPU.Build.0 = Debug|Any CPU
		{A934F34D-FE1E-4B15-A757-0FBE0FF03171}.Release|Any CPU.ActiveCfg = Release|Any CPU
		{A934F34D-FE1E-4B15-A757-0FBE0FF03171}.Release|Any CPU.Build.0 = Release|Any CPU
		{2E5FC8BA-3F84-47F7-9BEC-EFA19CF391E4}.Debug|Any CPU.ActiveCfg = Debug|Any CPU
		{2E5FC8BA-3F84-47F7-9BEC-EFA19CF391E4}.Debug|Any CPU.Build.0 = Debug|Any CPU
		{2E5FC8BA-3F84-47F7-9BEC-EFA19CF391E4}.Release|Any CPU.ActiveCfg = Release|Any CPU
		{2E5FC8BA-3F84-47F7-9BEC-EFA19CF391E4}.Release|Any CPU.Build.0 = Release|Any CPU
		{6FF9B5F9-AC30-4D89-8FA9-6CA092C9952E}.Debug|Any CPU.ActiveCfg = Debug|Any CPU
		{6FF9B5F9-AC30-4D89-8FA9-6CA092C9952E}.Debug|Any CPU.Build.0 = Debug|Any CPU
		{6FF9B5F9-AC30-4D89-8FA9-6CA092C9952E}.Release|Any CPU.ActiveCfg = Release|Any CPU
		{6FF9B5F9-AC30-4D89-8FA9-6CA092C9952E}.Release|Any CPU.Build.0 = Release|Any CPU
	EndGlobalSection
	GlobalSection(SolutionProperties) = preSolution
		HideSolutionNode = FALSE
	EndGlobalSection
	GlobalSection(ExtensibilityGlobals) = postSolution
		SolutionGuid = {2875A65E-EC44-43DB-9B5E-6FD49A5132B8}
	EndGlobalSection
EndGlobal
